
Microsoft Visual Studio Solution File, Format Version 12.00
# Visual Studio Version 17
VisualStudioVersion = 17.3.32901.215
MinimumVisualStudioVersion = 10.0.40219.1
Project("{FAE04EC0-301F-11D3-BF4B-00C04F79EFBC}") = "pz_11", "pz_11\pz_11.csproj", "{361BC525-030F-44F8-978E-8A254A24FEAE}"
EndProject
Global
	GlobalSection(SolutionConfigurationPlatforms) = preSolution
		Debug|Any CPU = Debug|Any CPU
		Release|Any CPU = Release|Any CPU
	EndGlobalSection
	GlobalSection(ProjectConfigurationPlatforms) = postSolution
		{361BC525-030F-44F8-978E-8A254A24FEAE}.Debug|Any CPU.ActiveCfg = Debug|Any CPU
		{361BC525-030F-44F8-978E-8A254A24FEAE}.Debug|Any CPU.Build.0 = Debug|Any CPU
		{361BC525-030F-44F8-978E-8A254A24FEAE}.Release|Any CPU.ActiveCfg = Release|Any CPU
		{361BC525-030F-44F8-978E-8A254A24FEAE}.Release|Any CPU.Build.0 = Release|Any CPU
	EndGlobalSection
	GlobalSection(SolutionProperties) = preSolution
		HideSolutionNode = FALSE
	EndGlobalSection
	GlobalSection(ExtensibilityGlobals) = postSolution
		SolutionGuid = {37F4C0CB-FD38-4629-B4E2-542165494CB7}
	EndGlobalSection
EndGlobal
