
Microsoft Visual Studio Solution File, Format Version 12.00
# Visual Studio Version 17
VisualStudioVersion = 17.3.32825.248
MinimumVisualStudioVersion = 10.0.40219.1
Project("{9A19103F-16F7-4668-BE54-9A1E7A4F7556}") = "pz_5", "pz_5\pz_5.csproj", "{DCFF8932-6368-4CE0-9091-F4F937A5E8BF}"
EndProject
Project("{9A19103F-16F7-4668-BE54-9A1E7A4F7556}") = "pz_6", "pz_6\pz_6.csproj", "{54CF8E58-4FB6-49A7-85AB-EF173A2BFB99}"
EndProject
Project("{9A19103F-16F7-4668-BE54-9A1E7A4F7556}") = "pz_7", "..\..\pz_7\Shadrov\pz_7.csproj", "{8D3C800B-352B-44D7-AC27-CD1F7CF717DC}"
EndProject
Global
	GlobalSection(SolutionConfigurationPlatforms) = preSolution
		Debug|Any CPU = Debug|Any CPU
		Release|Any CPU = Release|Any CPU
	EndGlobalSection
	GlobalSection(ProjectConfigurationPlatforms) = postSolution
		{DCFF8932-6368-4CE0-9091-F4F937A5E8BF}.Debug|Any CPU.ActiveCfg = Debug|Any CPU
		{DCFF8932-6368-4CE0-9091-F4F937A5E8BF}.Debug|Any CPU.Build.0 = Debug|Any CPU
		{DCFF8932-6368-4CE0-9091-F4F937A5E8BF}.Release|Any CPU.ActiveCfg = Release|Any CPU
		{DCFF8932-6368-4CE0-9091-F4F937A5E8BF}.Release|Any CPU.Build.0 = Release|Any CPU
		{54CF8E58-4FB6-49A7-85AB-EF173A2BFB99}.Debug|Any CPU.ActiveCfg = Debug|Any CPU
		{54CF8E58-4FB6-49A7-85AB-EF173A2BFB99}.Debug|Any CPU.Build.0 = Debug|Any CPU
		{54CF8E58-4FB6-49A7-85AB-EF173A2BFB99}.Release|Any CPU.ActiveCfg = Release|Any CPU
		{54CF8E58-4FB6-49A7-85AB-EF173A2BFB99}.Release|Any CPU.Build.0 = Release|Any CPU
		{8D3C800B-352B-44D7-AC27-CD1F7CF717DC}.Debug|Any CPU.ActiveCfg = Debug|Any CPU
		{8D3C800B-352B-44D7-AC27-CD1F7CF717DC}.Debug|Any CPU.Build.0 = Debug|Any CPU
		{8D3C800B-352B-44D7-AC27-CD1F7CF717DC}.Release|Any CPU.ActiveCfg = Release|Any CPU
		{8D3C800B-352B-44D7-AC27-CD1F7CF717DC}.Release|Any CPU.Build.0 = Release|Any CPU
	EndGlobalSection
	GlobalSection(SolutionProperties) = preSolution
		HideSolutionNode = FALSE
	EndGlobalSection
	GlobalSection(ExtensibilityGlobals) = postSolution
		SolutionGuid = {5F9B9862-27F7-4153-9062-FF62BFF8F679}
	EndGlobalSection
EndGlobal
